
Microsoft Visual Studio Solution File, Format Version 12.00
# Visual Studio Version 16
VisualStudioVersion = 16.0.31605.320
MinimumVisualStudioVersion = 10.0.40219.1
Project("{FAE04EC0-301F-11D3-BF4B-00C04F79EFBC}") = "getEthInfo", "getEthInfo\getEthInfo.csproj", "{0797BAA4-4F96-4D2E-8EDC-904B0146FEB0}"
EndProject
Project("{9A19103F-16F7-4668-BE54-9A1E7A4F7556}") = "Functions.Tests", "Functions.Tests\Functions.Tests.csproj", "{D1ECBC2E-5A6A-4C9D-9651-B287880CFB34}"
EndProject
Global
	GlobalSection(SolutionConfigurationPlatforms) = preSolution
		Debug|Any CPU = Debug|Any CPU
		Release|Any CPU = Release|Any CPU
	EndGlobalSection
	GlobalSection(ProjectConfigurationPlatforms) = postSolution
		{0797BAA4-4F96-4D2E-8EDC-904B0146FEB0}.Debug|Any CPU.ActiveCfg = Debug|Any CPU
		{0797BAA4-4F96-4D2E-8EDC-904B0146FEB0}.Debug|Any CPU.Build.0 = Debug|Any CPU
		{0797BAA4-4F96-4D2E-8EDC-904B0146FEB0}.Release|Any CPU.ActiveCfg = Release|Any CPU
		{0797BAA4-4F96-4D2E-8EDC-904B0146FEB0}.Release|Any CPU.Build.0 = Release|Any CPU
		{D1ECBC2E-5A6A-4C9D-9651-B287880CFB34}.Debug|Any CPU.ActiveCfg = Debug|Any CPU
		{D1ECBC2E-5A6A-4C9D-9651-B287880CFB34}.Debug|Any CPU.Build.0 = Debug|Any CPU
		{D1ECBC2E-5A6A-4C9D-9651-B287880CFB34}.Release|Any CPU.ActiveCfg = Release|Any CPU
		{D1ECBC2E-5A6A-4C9D-9651-B287880CFB34}.Release|Any CPU.Build.0 = Release|Any CPU
	EndGlobalSection
	GlobalSection(SolutionProperties) = preSolution
		HideSolutionNode = FALSE
	EndGlobalSection
	GlobalSection(ExtensibilityGlobals) = postSolution
		SolutionGuid = {2034EB99-F3D7-4C5F-93AF-FAFDAF19BF7B}
	EndGlobalSection
EndGlobal
